
Microsoft Visual Studio Solution File, Format Version 12.00
# Visual Studio Version 17
VisualStudioVersion = 17.2.32630.192
MinimumVisualStudioVersion = 10.0.40219.1
Project("{FAE04EC0-301F-11D3-BF4B-00C04F79EFBC}") = "ALAT LITE", "ALAT LITE.csproj", "{BAD176A6-47F0-4959-B702-F76B06D51515}"
EndProject
Global
	GlobalSection(SolutionConfigurationPlatforms) = preSolution
		Debug|Any CPU = Debug|Any CPU
		Release|Any CPU = Release|Any CPU
	EndGlobalSection
	GlobalSection(ProjectConfigurationPlatforms) = postSolution
		{BAD176A6-47F0-4959-B702-F76B06D51515}.Debug|Any CPU.ActiveCfg = Debug|Any CPU
		{BAD176A6-47F0-4959-B702-F76B06D51515}.Debug|Any CPU.Build.0 = Debug|Any CPU
		{BAD176A6-47F0-4959-B702-F76B06D51515}.Debug|Any CPU.Deploy.0 = Debug|Any CPU
		{BAD176A6-47F0-4959-B702-F76B06D51515}.Release|Any CPU.ActiveCfg = Release|Any CPU
		{BAD176A6-47F0-4959-B702-F76B06D51515}.Release|Any CPU.Build.0 = Release|Any CPU
		{BAD176A6-47F0-4959-B702-F76B06D51515}.Release|Any CPU.Deploy.0 = Release|Any CPU
	EndGlobalSection
	GlobalSection(SolutionProperties) = preSolution
		HideSolutionNode = FALSE
	EndGlobalSection
	GlobalSection(ExtensibilityGlobals) = postSolution
		SolutionGuid = {4E8F980A-6FCA-44F9-8566-83079AF3ACC6}
	EndGlobalSection
EndGlobal
